
Microsoft Visual Studio Solution File, Format Version 11.00
# Visual Studio 2010
Project("{6989167D-11E4-40FE-8C1A-2192A86A7E90}") = "NS_JST_LU-SGS_SA", "NS_JST_LU-SGS_SA\NS_JST_LU-SGS_SA.vfproj", "{ADA2B627-FE7B-4D15-AEF2-DDCB6A647B91}"
EndProject
Global
	GlobalSection(SolutionConfigurationPlatforms) = preSolution
		Debug|Win32 = Debug|Win32
		Release|Win32 = Release|Win32
	EndGlobalSection
	GlobalSection(ProjectConfigurationPlatforms) = postSolution
		{ADA2B627-FE7B-4D15-AEF2-DDCB6A647B91}.Debug|Win32.ActiveCfg = Debug|Win32
		{ADA2B627-FE7B-4D15-AEF2-DDCB6A647B91}.Debug|Win32.Build.0 = Debug|Win32
		{ADA2B627-FE7B-4D15-AEF2-DDCB6A647B91}.Release|Win32.ActiveCfg = Release|Win32
		{ADA2B627-FE7B-4D15-AEF2-DDCB6A647B91}.Release|Win32.Build.0 = Release|Win32
	EndGlobalSection
	GlobalSection(SolutionProperties) = preSolution
		HideSolutionNode = FALSE
	EndGlobalSection
EndGlobal
