
Microsoft Visual Studio Solution File, Format Version 11.00
# Visual Studio 2010
Project("{6989167D-11E4-40FE-8C1A-2192A86A7E90}") = "NS_JST_Runge-Kutta-Dual-time_SA_Moving", "NS_JST_Runge-Kutta-Dual-time_SA_Moving\NS_JST_Runge-Kutta-Dual-time_SA_Moving.vfproj", "{4A5FACEC-B155-4A3A-A9DB-D0F4308D1F07}"
EndProject
Global
	GlobalSection(SolutionConfigurationPlatforms) = preSolution
		Debug|Win32 = Debug|Win32
		Release|Win32 = Release|Win32
	EndGlobalSection
	GlobalSection(ProjectConfigurationPlatforms) = postSolution
		{4A5FACEC-B155-4A3A-A9DB-D0F4308D1F07}.Debug|Win32.ActiveCfg = Debug|Win32
		{4A5FACEC-B155-4A3A-A9DB-D0F4308D1F07}.Debug|Win32.Build.0 = Debug|Win32
		{4A5FACEC-B155-4A3A-A9DB-D0F4308D1F07}.Release|Win32.ActiveCfg = Release|Win32
		{4A5FACEC-B155-4A3A-A9DB-D0F4308D1F07}.Release|Win32.Build.0 = Release|Win32
	EndGlobalSection
	GlobalSection(SolutionProperties) = preSolution
		HideSolutionNode = FALSE
	EndGlobalSection
EndGlobal
