
Microsoft Visual Studio Solution File, Format Version 11.00
# Visual Studio 2010
Project("{6989167D-11E4-40FE-8C1A-2192A86A7E90}") = "NS_JST_LU-SGS", "NS_JST_LU-SGS\NS_JST_LU-SGS.vfproj", "{5F8FB7FB-C2CB-415E-BBEC-1E1034582F81}"
EndProject
Global
	GlobalSection(SolutionConfigurationPlatforms) = preSolution
		Debug|Win32 = Debug|Win32
		Release|Win32 = Release|Win32
	EndGlobalSection
	GlobalSection(ProjectConfigurationPlatforms) = postSolution
		{5F8FB7FB-C2CB-415E-BBEC-1E1034582F81}.Debug|Win32.ActiveCfg = Debug|Win32
		{5F8FB7FB-C2CB-415E-BBEC-1E1034582F81}.Debug|Win32.Build.0 = Debug|Win32
		{5F8FB7FB-C2CB-415E-BBEC-1E1034582F81}.Release|Win32.ActiveCfg = Release|Win32
		{5F8FB7FB-C2CB-415E-BBEC-1E1034582F81}.Release|Win32.Build.0 = Release|Win32
	EndGlobalSection
	GlobalSection(SolutionProperties) = preSolution
		HideSolutionNode = FALSE
	EndGlobalSection
EndGlobal
